
Microsoft Visual Studio Solution File, Format Version 12.00
# Visual Studio 14
VisualStudioVersion = 14.0.25420.1
MinimumVisualStudioVersion = 10.0.40219.1
Project("{FAE04EC0-301F-11D3-BF4B-00C04F79EFBC}") = "FFRC.Console", "FFRC.Console\FFRC.Console.csproj", "{9684B62A-2EB8-4A13-B9D5-B41D97EE1468}"
EndProject
Project("{FAE04EC0-301F-11D3-BF4B-00C04F79EFBC}") = "FFRC.Core", "FFRC.Core\FFRC.Core.csproj", "{41338374-B1E6-4640-B65D-FE42FB653442}"
EndProject
Project("{FAE04EC0-301F-11D3-BF4B-00C04F79EFBC}") = "FFRC.Core.PianetaFantacalcio", "FFRC.Core.PianetaFantacalcio\FFRC.Core.PianetaFantacalcio.csproj", "{D4664B8B-D42C-4AB4-AA90-72FC4922AF83}"
EndProject
Global
	GlobalSection(SolutionConfigurationPlatforms) = preSolution
		Debug|Any CPU = Debug|Any CPU
		Release|Any CPU = Release|Any CPU
	EndGlobalSection
	GlobalSection(ProjectConfigurationPlatforms) = postSolution
		{9684B62A-2EB8-4A13-B9D5-B41D97EE1468}.Debug|Any CPU.ActiveCfg = Debug|Any CPU
		{9684B62A-2EB8-4A13-B9D5-B41D97EE1468}.Debug|Any CPU.Build.0 = Debug|Any CPU
		{9684B62A-2EB8-4A13-B9D5-B41D97EE1468}.Release|Any CPU.ActiveCfg = Release|Any CPU
		{9684B62A-2EB8-4A13-B9D5-B41D97EE1468}.Release|Any CPU.Build.0 = Release|Any CPU
		{41338374-B1E6-4640-B65D-FE42FB653442}.Debug|Any CPU.ActiveCfg = Debug|Any CPU
		{41338374-B1E6-4640-B65D-FE42FB653442}.Debug|Any CPU.Build.0 = Debug|Any CPU
		{41338374-B1E6-4640-B65D-FE42FB653442}.Release|Any CPU.ActiveCfg = Release|Any CPU
		{41338374-B1E6-4640-B65D-FE42FB653442}.Release|Any CPU.Build.0 = Release|Any CPU
		{D4664B8B-D42C-4AB4-AA90-72FC4922AF83}.Debug|Any CPU.ActiveCfg = Debug|Any CPU
		{D4664B8B-D42C-4AB4-AA90-72FC4922AF83}.Debug|Any CPU.Build.0 = Debug|Any CPU
		{D4664B8B-D42C-4AB4-AA90-72FC4922AF83}.Release|Any CPU.ActiveCfg = Release|Any CPU
		{D4664B8B-D42C-4AB4-AA90-72FC4922AF83}.Release|Any CPU.Build.0 = Release|Any CPU
	EndGlobalSection
	GlobalSection(SolutionProperties) = preSolution
		HideSolutionNode = FALSE
	EndGlobalSection
EndGlobal
